// !$*UTF8*$!
{
	archiveVersion = 1;
	classes = {
	};
	objectVersion = 50;
	objects = {

/* Begin PBXBuildFile section */
		80B9451524D513C100728EF2 /* Book_Reading_TrackerApp.swift in Sources */ = {isa = PBXBuildFile; fileRef = 80B9450224D513C000728EF2 /* Book_Reading_TrackerApp.swift */; };
		80B9451624D513C100728EF2 /* Book_Reading_TrackerApp.swift in Sources */ = {isa = PBXBuildFile; fileRef = 80B9450224D513C000728EF2 /* Book_Reading_TrackerApp.swift */; };
		80B9451724D513C100728EF2 /* ContentView.swift in Sources */ = {isa = PBXBuildFile; fileRef = 80B9450324D513C000728EF2 /* ContentView.swift */; };
		80B9451824D513C100728EF2 /* ContentView.swift in Sources */ = {isa = PBXBuildFile; fileRef = 80B9450324D513C000728EF2 /* ContentView.swift */; };
		80B9451924D513C100728EF2 /* Assets.xcassets in Resources */ = {isa = PBXBuildFile; fileRef = 80B9450424D513C100728EF2 /* Assets.xcassets */; };
		80B9451A24D513C100728EF2 /* Assets.xcassets in Resources */ = {isa = PBXBuildFile; fileRef = 80B9450424D513C100728EF2 /* Assets.xcassets */; };
		80B9452424D519F700728EF2 /* Intents.intentdefinition in Sources */ = {isa = PBXBuildFile; fileRef = 80B9452324D519F700728EF2 /* Intents.intentdefinition */; };
		80B9452524D519F700728EF2 /* Intents.intentdefinition in Sources */ = {isa = PBXBuildFile; fileRef = 80B9452324D519F700728EF2 /* Intents.intentdefinition */; };
		80B9452724D51BA300728EF2 /* Home.swift in Sources */ = {isa = PBXBuildFile; fileRef = 80B9452624D51BA300728EF2 /* Home.swift */; };
		80B9452824D51BA300728EF2 /* Home.swift in Sources */ = {isa = PBXBuildFile; fileRef = 80B9452624D51BA300728EF2 /* Home.swift */; };
		80B9452B24D56A4300728EF2 /* Model.xcdatamodeld in Sources */ = {isa = PBXBuildFile; fileRef = 80B9452924D56A4300728EF2 /* Model.xcdatamodeld */; };
		80B9452C24D56A4300728EF2 /* Model.xcdatamodeld in Sources */ = {isa = PBXBuildFile; fileRef = 80B9452924D56A4300728EF2 /* Model.xcdatamodeld */; };
		80B9452F24D6648800728EF2 /* MapKit.framework in Frameworks */ = {isa = PBXBuildFile; fileRef = 80B9452E24D6648800728EF2 /* MapKit.framework */; };
		80B9453224D664D300728EF2 /* ExternalAccessory.framework in Frameworks */ = {isa = PBXBuildFile; fileRef = 80B9453124D664D300728EF2 /* ExternalAccessory.framework */; };
		80B9453424D664E000728EF2 /* HealthKit.framework in Frameworks */ = {isa = PBXBuildFile; fileRef = 80B9453324D664E000728EF2 /* HealthKit.framework */; };
		80B9453724D6AD3200728EF2 /* HomeView.swift in Sources */ = {isa = PBXBuildFile; fileRef = 80B9453624D6AD3200728EF2 /* HomeView.swift */; };
		80B9453824D6AD3200728EF2 /* HomeView.swift in Sources */ = {isa = PBXBuildFile; fileRef = 80B9453624D6AD3200728EF2 /* HomeView.swift */; };
		80B9453A24D6AD4F00728EF2 /* BooksListView.swift in Sources */ = {isa = PBXBuildFile; fileRef = 80B9453924D6AD4F00728EF2 /* BooksListView.swift */; };
		80B9453B24D6AD4F00728EF2 /* BooksListView.swift in Sources */ = {isa = PBXBuildFile; fileRef = 80B9453924D6AD4F00728EF2 /* BooksListView.swift */; };
		80B9453D24D6AD7C00728EF2 /* TabBarView.swift in Sources */ = {isa = PBXBuildFile; fileRef = 80B9453C24D6AD7C00728EF2 /* TabBarView.swift */; };
		80B9453F24D6AD8E00728EF2 /* ListView.swift in Sources */ = {isa = PBXBuildFile; fileRef = 80B9453E24D6AD8E00728EF2 /* ListView.swift */; };
		80B9454024D6B45B00728EF2 /* ListView.swift in Sources */ = {isa = PBXBuildFile; fileRef = 80B9453E24D6AD8E00728EF2 /* ListView.swift */; };
/* End PBXBuildFile section */

/* Begin PBXFileReference section */
		80B9450224D513C000728EF2 /* Book_Reading_TrackerApp.swift */ = {isa = PBXFileReference; lastKnownFileType = sourcecode.swift; path = Book_Reading_TrackerApp.swift; sourceTree = "<group>"; };
		80B9450324D513C000728EF2 /* ContentView.swift */ = {isa = PBXFileReference; lastKnownFileType = sourcecode.swift; path = ContentView.swift; sourceTree = "<group>"; };
		80B9450424D513C100728EF2 /* Assets.xcassets */ = {isa = PBXFileReference; lastKnownFileType = folder.assetcatalog; path = Assets.xcassets; sourceTree = "<group>"; };
		80B9450924D513C100728EF2 /* Book Reading Tracker.app */ = {isa = PBXFileReference; explicitFileType = wrapper.application; includeInIndex = 0; path = "Book Reading Tracker.app"; sourceTree = BUILT_PRODUCTS_DIR; };
		80B9450C24D513C100728EF2 /* Info.plist */ = {isa = PBXFileReference; lastKnownFileType = text.plist.xml; path = Info.plist; sourceTree = "<group>"; };
		80B9451124D513C100728EF2 /* Book Reading Tracker.app */ = {isa = PBXFileReference; explicitFileType = wrapper.application; includeInIndex = 0; path = "Book Reading Tracker.app"; sourceTree = BUILT_PRODUCTS_DIR; };
		80B9451324D513C100728EF2 /* Info.plist */ = {isa = PBXFileReference; lastKnownFileType = text.plist.xml; path = Info.plist; sourceTree = "<group>"; };
		80B9451424D513C100728EF2 /* macOS.entitlements */ = {isa = PBXFileReference; lastKnownFileType = text.plist.entitlements; path = macOS.entitlements; sourceTree = "<group>"; };
		80B9452324D519F700728EF2 /* Intents.intentdefinition */ = {isa = PBXFileReference; lastKnownFileType = file.intentdefinition; path = Intents.intentdefinition; sourceTree = "<group>"; };
		80B9452624D51BA300728EF2 /* Home.swift */ = {isa = PBXFileReference; lastKnownFileType = sourcecode.swift; path = Home.swift; sourceTree = "<group>"; };
		80B9452A24D56A4300728EF2 /* Model.xcdatamodel */ = {isa = PBXFileReference; lastKnownFileType = wrapper.xcdatamodel; path = Model.xcdatamodel; sourceTree = "<group>"; };
		80B9452E24D6648800728EF2 /* MapKit.framework */ = {isa = PBXFileReference; lastKnownFileType = wrapper.framework; name = MapKit.framework; path = Platforms/iPhoneOS.platform/Developer/SDKs/iPhoneOS14.0.sdk/System/Library/Frameworks/MapKit.framework; sourceTree = DEVELOPER_DIR; };
		80B9453024D6649600728EF2 /* Book Reading Tracker.entitlements */ = {isa = PBXFileReference; lastKnownFileType = text.plist.entitlements; path = "Book Reading Tracker.entitlements"; sourceTree = "<group>"; };
		80B9453124D664D300728EF2 /* ExternalAccessory.framework */ = {isa = PBXFileReference; lastKnownFileType = wrapper.framework; name = ExternalAccessory.framework; path = Platforms/iPhoneOS.platform/Developer/SDKs/iPhoneOS14.0.sdk/System/Library/Frameworks/ExternalAccessory.framework; sourceTree = DEVELOPER_DIR; };
		80B9453324D664E000728EF2 /* HealthKit.framework */ = {isa = PBXFileReference; lastKnownFileType = wrapper.framework; name = HealthKit.framework; path = Platforms/iPhoneOS.platform/Developer/SDKs/iPhoneOS14.0.sdk/System/Library/Frameworks/HealthKit.framework; sourceTree = DEVELOPER_DIR; };
		80B9453624D6AD3200728EF2 /* HomeView.swift */ = {isa = PBXFileReference; lastKnownFileType = sourcecode.swift; path = HomeView.swift; sourceTree = "<group>"; };
		80B9453924D6AD4F00728EF2 /* BooksListView.swift */ = {isa = PBXFileReference; lastKnownFileType = sourcecode.swift; path = BooksListView.swift; sourceTree = "<group>"; };
		80B9453C24D6AD7C00728EF2 /* TabBarView.swift */ = {isa = PBXFileReference; lastKnownFileType = sourcecode.swift; path = TabBarView.swift; sourceTree = "<group>"; };
		80B9453E24D6AD8E00728EF2 /* ListView.swift */ = {isa = PBXFileReference; lastKnownFileType = sourcecode.swift; path = ListView.swift; sourceTree = "<group>"; };
/* End PBXFileReference section */

/* Begin PBXFrameworksBuildPhase section */
		80B9450624D513C100728EF2 /* Frameworks */ = {
			isa = PBXFrameworksBuildPhase;
			buildActionMask = 2147483647;
			files = (
				80B9453424D664E000728EF2 /* HealthKit.framework in Frameworks */,
				80B9453224D664D300728EF2 /* ExternalAccessory.framework in Frameworks */,
				80B9452F24D6648800728EF2 /* MapKit.framework in Frameworks */,
			);
			runOnlyForDeploymentPostprocessing = 0;
		};
		80B9450E24D513C100728EF2 /* Frameworks */ = {
			isa = PBXFrameworksBuildPhase;
			buildActionMask = 2147483647;
			files = (
			);
			runOnlyForDeploymentPostprocessing = 0;
		};
/* End PBXFrameworksBuildPhase section */

/* Begin PBXGroup section */
		80B944FC24D513C000728EF2 = {
			isa = PBXGroup;
			children = (
				80B9453024D6649600728EF2 /* Book Reading Tracker.entitlements */,
				80B9450124D513C000728EF2 /* Shared */,
				80B9450B24D513C100728EF2 /* iOS */,
				80B9451224D513C100728EF2 /* macOS */,
				80B9450A24D513C100728EF2 /* Products */,
				80B9452D24D6648800728EF2 /* Frameworks */,
			);
			sourceTree = "<group>";
		};
		80B9450124D513C000728EF2 /* Shared */ = {
			isa = PBXGroup;
			children = (
				80B9453524D6AD1200728EF2 /* Views */,
				80B9450224D513C000728EF2 /* Book_Reading_TrackerApp.swift */,
				80B9450324D513C000728EF2 /* ContentView.swift */,
				80B9452924D56A4300728EF2 /* Model.xcdatamodeld */,
				80B9452324D519F700728EF2 /* Intents.intentdefinition */,
				80B9450424D513C100728EF2 /* Assets.xcassets */,
				80B9452624D51BA300728EF2 /* Home.swift */,
			);
			path = Shared;
			sourceTree = "<group>";
		};
		80B9450A24D513C100728EF2 /* Products */ = {
			isa = PBXGroup;
			children = (
				80B9450924D513C100728EF2 /* Book Reading Tracker.app */,
				80B9451124D513C100728EF2 /* Book Reading Tracker.app */,
			);
			name = Products;
			sourceTree = "<group>";
		};
		80B9450B24D513C100728EF2 /* iOS */ = {
			isa = PBXGroup;
			children = (
				80B9450C24D513C100728EF2 /* Info.plist */,
				80B9453C24D6AD7C00728EF2 /* TabBarView.swift */,
			);
			path = iOS;
			sourceTree = "<group>";
		};
		80B9451224D513C100728EF2 /* macOS */ = {
			isa = PBXGroup;
			children = (
				80B9451324D513C100728EF2 /* Info.plist */,
				80B9451424D513C100728EF2 /* macOS.entitlements */,
			);
			path = macOS;
			sourceTree = "<group>";
		};
		80B9452D24D6648800728EF2 /* Frameworks */ = {
			isa = PBXGroup;
			children = (
				80B9453324D664E000728EF2 /* HealthKit.framework */,
				80B9453124D664D300728EF2 /* ExternalAccessory.framework */,
				80B9452E24D6648800728EF2 /* MapKit.framework */,
			);
			name = Frameworks;
			sourceTree = "<group>";
		};
		80B9453524D6AD1200728EF2 /* Views */ = {
			isa = PBXGroup;
			children = (
				80B9453E24D6AD8E00728EF2 /* ListView.swift */,
				80B9453624D6AD3200728EF2 /* HomeView.swift */,
				80B9453924D6AD4F00728EF2 /* BooksListView.swift */,
			);
			path = Views;
			sourceTree = "<group>";
		};
/* End PBXGroup section */

/* Begin PBXNativeTarget section */
		80B9450824D513C100728EF2 /* Book Reading Tracker (iOS) */ = {
			isa = PBXNativeTarget;
			buildConfigurationList = 80B9451D24D513C100728EF2 /* Build configuration list for PBXNativeTarget "Book Reading Tracker (iOS)" */;
			buildPhases = (
				80B9450524D513C100728EF2 /* Sources */,
				80B9450624D513C100728EF2 /* Frameworks */,
				80B9450724D513C100728EF2 /* Resources */,
			);
			buildRules = (
			);
			dependencies = (
			);
			name = "Book Reading Tracker (iOS)";
			productName = "Book Reading Tracker (iOS)";
			productReference = 80B9450924D513C100728EF2 /* Book Reading Tracker.app */;
			productType = "com.apple.product-type.application";
		};
		80B9451024D513C100728EF2 /* Book Reading Tracker (macOS) */ = {
			isa = PBXNativeTarget;
			buildConfigurationList = 80B9452024D513C100728EF2 /* Build configuration list for PBXNativeTarget "Book Reading Tracker (macOS)" */;
			buildPhases = (
				80B9450D24D513C100728EF2 /* Sources */,
				80B9450E24D513C100728EF2 /* Frameworks */,
				80B9450F24D513C100728EF2 /* Resources */,
			);
			buildRules = (
			);
			dependencies = (
			);
			name = "Book Reading Tracker (macOS)";
			productName = "Book Reading Tracker (macOS)";
			productReference = 80B9451124D513C100728EF2 /* Book Reading Tracker.app */;
			productType = "com.apple.product-type.application";
		};
/* End PBXNativeTarget section */

/* Begin PBXProject section */
		80B944FD24D513C000728EF2 /* Project object */ = {
			isa = PBXProject;
			attributes = {
				LastSwiftUpdateCheck = 1200;
				LastUpgradeCheck = 1200;
				TargetAttributes = {
					80B9450824D513C100728EF2 = {
						CreatedOnToolsVersion = 12.0;
					};
					80B9451024D513C100728EF2 = {
						CreatedOnToolsVersion = 12.0;
					};
				};
			};
			buildConfigurationList = 80B9450024D513C000728EF2 /* Build configuration list for PBXProject "Book Reading Tracker" */;
			compatibilityVersion = "Xcode 9.3";
			developmentRegion = en;
			hasScannedForEncodings = 0;
			knownRegions = (
				en,
				Base,
			);
			mainGroup = 80B944FC24D513C000728EF2;
			productRefGroup = 80B9450A24D513C100728EF2 /* Products */;
			projectDirPath = "";
			projectRoot = "";
			targets = (
				80B9450824D513C100728EF2 /* Book Reading Tracker (iOS) */,
				80B9451024D513C100728EF2 /* Book Reading Tracker (macOS) */,
			);
		};
/* End PBXProject section */

/* Begin PBXResourcesBuildPhase section */
		80B9450724D513C100728EF2 /* Resources */ = {
			isa = PBXResourcesBuildPhase;
			buildActionMask = 2147483647;
			files = (
				80B9451924D513C100728EF2 /* Assets.xcassets in Resources */,
			);
			runOnlyForDeploymentPostprocessing = 0;
		};
		80B9450F24D513C100728EF2 /* Resources */ = {
			isa = PBXResourcesBuildPhase;
			buildActionMask = 2147483647;
			files = (
				80B9451A24D513C100728EF2 /* Assets.xcassets in Resources */,
			);
			runOnlyForDeploymentPostprocessing = 0;
		};
/* End PBXResourcesBuildPhase section */

/* Begin PBXSourcesBuildPhase section */
		80B9450524D513C100728EF2 /* Sources */ = {
			isa = PBXSourcesBuildPhase;
			buildActionMask = 2147483647;
			files = (
				80B9452424D519F700728EF2 /* Intents.intentdefinition in Sources */,
				80B9451724D513C100728EF2 /* ContentView.swift in Sources */,
				80B9453D24D6AD7C00728EF2 /* TabBarView.swift in Sources */,
				80B9453A24D6AD4F00728EF2 /* BooksListView.swift in Sources */,
				80B9452B24D56A4300728EF2 /* Model.xcdatamodeld in Sources */,
				80B9453724D6AD3200728EF2 /* HomeView.swift in Sources */,
				80B9452724D51BA300728EF2 /* Home.swift in Sources */,
				80B9451524D513C100728EF2 /* Book_Reading_TrackerApp.swift in Sources */,
				80B9453F24D6AD8E00728EF2 /* ListView.swift in Sources */,
			);
			runOnlyForDeploymentPostprocessing = 0;
		};
		80B9450D24D513C100728EF2 /* Sources */ = {
			isa = PBXSourcesBuildPhase;
			buildActionMask = 2147483647;
			files = (
				80B9454024D6B45B00728EF2 /* ListView.swift in Sources */,
				80B9452524D519F700728EF2 /* Intents.intentdefinition in Sources */,
				80B9451824D513C100728EF2 /* ContentView.swift in Sources */,
				80B9453B24D6AD4F00728EF2 /* BooksListView.swift in Sources */,
				80B9452C24D56A4300728EF2 /* Model.xcdatamodeld in Sources */,
				80B9453824D6AD3200728EF2 /* HomeView.swift in Sources */,
				80B9452824D51BA300728EF2 /* Home.swift in Sources */,
				80B9451624D513C100728EF2 /* Book_Reading_TrackerApp.swift in Sources */,
			);
			runOnlyForDeploymentPostprocessing = 0;
		};
/* End PBXSourcesBuildPhase section */

/* Begin XCBuildConfiguration section */
		80B9451B24D513C100728EF2 /* Debug */ = {
			isa = XCBuildConfiguration;
			buildSettings = {
				ALWAYS_SEARCH_USER_PATHS = NO;
				CLANG_ANALYZER_NONNULL = YES;
				CLANG_ANALYZER_NUMBER_OBJECT_CONVERSION = YES_AGGRESSIVE;
				CLANG_CXX_LANGUAGE_STANDARD = "gnu++14";
				CLANG_CXX_LIBRARY = "libc++";
				CLANG_ENABLE_MODULES = YES;
				CLANG_ENABLE_OBJC_ARC = YES;
				CLANG_ENABLE_OBJC_WEAK = YES;
				CLANG_WARN_BLOCK_CAPTURE_AUTORELEASING = YES;
				CLANG_WARN_BOOL_CONVERSION = YES;
				CLANG_WARN_COMMA = YES;
				CLANG_WARN_CONSTANT_CONVERSION = YES;
				CLANG_WARN_DEPRECATED_OBJC_IMPLEMENTATIONS = YES;
				CLANG_WARN_DIRECT_OBJC_ISA_USAGE = YES_ERROR;
				CLANG_WARN_DOCUMENTATION_COMMENTS = YES;
				CLANG_WARN_EMPTY_BODY = YES;
				CLANG_WARN_ENUM_CONVERSION = YES;
				CLANG_WARN_INFINITE_RECURSION = YES;
				CLANG_WARN_INT_CONVERSION = YES;
				CLANG_WARN_NON_LITERAL_NULL_CONVERSION = YES;
				CLANG_WARN_OBJC_IMPLICIT_RETAIN_SELF = YES;
				CLANG_WARN_OBJC_LITERAL_CONVERSION = YES;
				CLANG_WARN_OBJC_ROOT_CLASS = YES_ERROR;
				CLANG_WARN_QUOTED_INCLUDE_IN_FRAMEWORK_HEADER = YES;
				CLANG_WARN_RANGE_LOOP_ANALYSIS = YES;
				CLANG_WARN_STRICT_PROTOTYPES = YES;
				CLANG_WARN_SUSPICIOUS_MOVE = YES;
				CLANG_WARN_UNGUARDED_AVAILABILITY = YES_AGGRESSIVE;
				CLANG_WARN_UNREACHABLE_CODE = YES;
				CLANG_WARN__DUPLICATE_METHOD_MATCH = YES;
				COPY_PHASE_STRIP = NO;
				DEBUG_INFORMATION_FORMAT = dwarf;
				ENABLE_STRICT_OBJC_MSGSEND = YES;
				ENABLE_TESTABILITY = YES;
				GCC_C_LANGUAGE_STANDARD = gnu11;
				GCC_DYNAMIC_NO_PIC = NO;
				GCC_NO_COMMON_BLOCKS = YES;
				GCC_OPTIMIZATION_LEVEL = 0;
				GCC_PREPROCESSOR_DEFINITIONS = (
					"DEBUG=1",
					"$(inherited)",
				);
				GCC_WARN_64_TO_32_BIT_CONVERSION = YES;
				GCC_WARN_ABOUT_RETURN_TYPE = YES_ERROR;
				GCC_WARN_UNDECLARED_SELECTOR = YES;
				GCC_WARN_UNINITIALIZED_AUTOS = YES_AGGRESSIVE;
				GCC_WARN_UNUSED_FUNCTION = YES;
				GCC_WARN_UNUSED_VARIABLE = YES;
				MTL_ENABLE_DEBUG_INFO = INCLUDE_SOURCE;
				MTL_FAST_MATH = YES;
				ONLY_ACTIVE_ARCH = YES;
				SWIFT_ACTIVE_COMPILATION_CONDITIONS = DEBUG;
				SWIFT_OPTIMIZATION_LEVEL = "-Onone";
			};
			name = Debug;
		};
		80B9451C24D513C100728EF2 /* Release */ = {
			isa = XCBuildConfiguration;
			buildSettings = {
				ALWAYS_SEARCH_USER_PATHS = NO;
				CLANG_ANALYZER_NONNULL = YES;
				CLANG_ANALYZER_NUMBER_OBJECT_CONVERSION = YES_AGGRESSIVE;
				CLANG_CXX_LANGUAGE_STANDARD = "gnu++14";
				CLANG_CXX_LIBRARY = "libc++";
				CLANG_ENABLE_MODULES = YES;
				CLANG_ENABLE_OBJC_ARC = YES;
				CLANG_ENABLE_OBJC_WEAK = YES;
				CLANG_WARN_BLOCK_CAPTURE_AUTORELEASING = YES;
				CLANG_WARN_BOOL_CONVERSION = YES;
				CLANG_WARN_COMMA = YES;
				CLANG_WARN_CONSTANT_CONVERSION = YES;
				CLANG_WARN_DEPRECATED_OBJC_IMPLEMENTATIONS = YES;
				CLANG_WARN_DIRECT_OBJC_ISA_USAGE = YES_ERROR;
				CLANG_WARN_DOCUMENTATION_COMMENTS = YES;
				CLANG_WARN_EMPTY_BODY = YES;
				CLANG_WARN_ENUM_CONVERSION = YES;
				CLANG_WARN_INFINITE_RECURSION = YES;
				CLANG_WARN_INT_CONVERSION = YES;
				CLANG_WARN_NON_LITERAL_NULL_CONVERSION = YES;
				CLANG_WARN_OBJC_IMPLICIT_RETAIN_SELF = YES;
				CLANG_WARN_OBJC_LITERAL_CONVERSION = YES;
				CLANG_WARN_OBJC_ROOT_CLASS = YES_ERROR;
				CLANG_WARN_QUOTED_INCLUDE_IN_FRAMEWORK_HEADER = YES;
				CLANG_WARN_RANGE_LOOP_ANALYSIS = YES;
				CLANG_WARN_STRICT_PROTOTYPES = YES;
				CLANG_WARN_SUSPICIOUS_MOVE = YES;
				CLANG_WARN_UNGUARDED_AVAILABILITY = YES_AGGRESSIVE;
				CLANG_WARN_UNREACHABLE_CODE = YES;
				CLANG_WARN__DUPLICATE_METHOD_MATCH = YES;
				COPY_PHASE_STRIP = NO;
				DEBUG_INFORMATION_FORMAT = "dwarf-with-dsym";
				ENABLE_NS_ASSERTIONS = NO;
				ENABLE_STRICT_OBJC_MSGSEND = YES;
				GCC_C_LANGUAGE_STANDARD = gnu11;
				GCC_NO_COMMON_BLOCKS = YES;
				GCC_WARN_64_TO_32_BIT_CONVERSION = YES;
				GCC_WARN_ABOUT_RETURN_TYPE = YES_ERROR;
				GCC_WARN_UNDECLARED_SELECTOR = YES;
				GCC_WARN_UNINITIALIZED_AUTOS = YES_AGGRESSIVE;
				GCC_WARN_UNUSED_FUNCTION = YES;
				GCC_WARN_UNUSED_VARIABLE = YES;
				MTL_ENABLE_DEBUG_INFO = NO;
				MTL_FAST_MATH = YES;
				SWIFT_COMPILATION_MODE = wholemodule;
				SWIFT_OPTIMIZATION_LEVEL = "-O";
			};
			name = Release;
		};
		80B9451E24D513C100728EF2 /* Debug */ = {
			isa = XCBuildConfiguration;
			buildSettings = {
				ASSETCATALOG_COMPILER_APPICON_NAME = AppIcon;
				ASSETCATALOG_COMPILER_GLOBAL_ACCENT_COLOR_NAME = AccentColor;
				CODE_SIGN_ENTITLEMENTS = "Book Reading Tracker.entitlements";
				CODE_SIGN_STYLE = Automatic;
				DEVELOPMENT_TEAM = 67RJKYZG3V;
				ENABLE_PREVIEWS = YES;
				INFOPLIST_FILE = iOS/Info.plist;
				IPHONEOS_DEPLOYMENT_TARGET = 14.0;
				LD_RUNPATH_SEARCH_PATHS = (
					"$(inherited)",
					"@executable_path/Frameworks",
				);
				PRODUCT_BUNDLE_IDENTIFIER = "com.svc.Book-Reading-Tracker";
				PRODUCT_NAME = "Book Reading Tracker";
				SDKROOT = iphoneos;
				SWIFT_VERSION = 5.0;
				TARGETED_DEVICE_FAMILY = "1,2";
			};
			name = Debug;
		};
		80B9451F24D513C100728EF2 /* Release */ = {
			isa = XCBuildConfiguration;
			buildSettings = {
				ASSETCATALOG_COMPILER_APPICON_NAME = AppIcon;
				ASSETCATALOG_COMPILER_GLOBAL_ACCENT_COLOR_NAME = AccentColor;
				CODE_SIGN_ENTITLEMENTS = "Book Reading Tracker.entitlements";
				CODE_SIGN_STYLE = Automatic;
				DEVELOPMENT_TEAM = 67RJKYZG3V;
				ENABLE_PREVIEWS = YES;
				INFOPLIST_FILE = iOS/Info.plist;
				IPHONEOS_DEPLOYMENT_TARGET = 14.0;
				LD_RUNPATH_SEARCH_PATHS = (
					"$(inherited)",
					"@executable_path/Frameworks",
				);
				PRODUCT_BUNDLE_IDENTIFIER = "com.svc.Book-Reading-Tracker";
				PRODUCT_NAME = "Book Reading Tracker";
				SDKROOT = iphoneos;
				SWIFT_VERSION = 5.0;
				TARGETED_DEVICE_FAMILY = "1,2";
				VALIDATE_PRODUCT = YES;
			};
			name = Release;
		};
		80B9452124D513C100728EF2 /* Debug */ = {
			isa = XCBuildConfiguration;
			buildSettings = {
				ASSETCATALOG_COMPILER_APPICON_NAME = AppIcon;
				ASSETCATALOG_COMPILER_GLOBAL_ACCENT_COLOR_NAME = AccentColor;
				CODE_SIGN_ENTITLEMENTS = macOS/macOS.entitlements;
				CODE_SIGN_STYLE = Automatic;
				COMBINE_HIDPI_IMAGES = YES;
				DEVELOPMENT_TEAM = 67RJKYZG3V;
				ENABLE_PREVIEWS = YES;
				INFOPLIST_FILE = macOS/Info.plist;
				LD_RUNPATH_SEARCH_PATHS = (
					"$(inherited)",
					"@executable_path/../Frameworks",
				);
				MACOSX_DEPLOYMENT_TARGET = 11.0;
				PRODUCT_BUNDLE_IDENTIFIER = "com.svc.Book-Reading-Tracker";
				PRODUCT_NAME = "Book Reading Tracker";
				SDKROOT = macosx;
				SWIFT_VERSION = 5.0;
			};
			name = Debug;
		};
		80B9452224D513C100728EF2 /* Release */ = {
			isa = XCBuildConfiguration;
			buildSettings = {
				ASSETCATALOG_COMPILER_APPICON_NAME = AppIcon;
				ASSETCATALOG_COMPILER_GLOBAL_ACCENT_COLOR_NAME = AccentColor;
				CODE_SIGN_ENTITLEMENTS = macOS/macOS.entitlements;
				CODE_SIGN_STYLE = Automatic;
				COMBINE_HIDPI_IMAGES = YES;
				DEVELOPMENT_TEAM = 67RJKYZG3V;
				ENABLE_PREVIEWS = YES;
				INFOPLIST_FILE = macOS/Info.plist;
				LD_RUNPATH_SEARCH_PATHS = (
					"$(inherited)",
					"@executable_path/../Frameworks",
				);
				MACOSX_DEPLOYMENT_TARGET = 11.0;
				PRODUCT_BUNDLE_IDENTIFIER = "com.svc.Book-Reading-Tracker";
				PRODUCT_NAME = "Book Reading Tracker";
				SDKROOT = macosx;
				SWIFT_VERSION = 5.0;
			};
			name = Release;
		};
/* End XCBuildConfiguration section */

/* Begin XCConfigurationList section */
		80B9450024D513C000728EF2 /* Build configuration list for PBXProject "Book Reading Tracker" */ = {
			isa = XCConfigurationList;
			buildConfigurations = (
				80B9451B24D513C100728EF2 /* Debug */,
				80B9451C24D513C100728EF2 /* Release */,
			);
			defaultConfigurationIsVisible = 0;
			defaultConfigurationName = Release;
		};
		80B9451D24D513C100728EF2 /* Build configuration list for PBXNativeTarget "Book Reading Tracker (iOS)" */ = {
			isa = XCConfigurationList;
			buildConfigurations = (
				80B9451E24D513C100728EF2 /* Debug */,
				80B9451F24D513C100728EF2 /* Release */,
			);
			defaultConfigurationIsVisible = 0;
			defaultConfigurationName = Release;
		};
		80B9452024D513C100728EF2 /* Build configuration list for PBXNativeTarget "Book Reading Tracker (macOS)" */ = {
			isa = XCConfigurationList;
			buildConfigurations = (
				80B9452124D513C100728EF2 /* Debug */,
				80B9452224D513C100728EF2 /* Release */,
			);
			defaultConfigurationIsVisible = 0;
			defaultConfigurationName = Release;
		};
/* End XCConfigurationList section */

/* Begin XCVersionGroup section */
		80B9452924D56A4300728EF2 /* Model.xcdatamodeld */ = {
			isa = XCVersionGroup;
			children = (
				80B9452A24D56A4300728EF2 /* Model.xcdatamodel */,
			);
			currentVersion = 80B9452A24D56A4300728EF2 /* Model.xcdatamodel */;
			path = Model.xcdatamodeld;
			sourceTree = "<group>";
			versionGroupType = wrapper.xcdatamodel;
		};
/* End XCVersionGroup section */
	};
	rootObject = 80B944FD24D513C000728EF2 /* Project object */;
}
